
Microsoft Visual Studio Solution File, Format Version 12.00
# Visual Studio Version 16
VisualStudioVersion = 16.0.31624.102
MinimumVisualStudioVersion = 10.0.40219.1
Project("{FAE04EC0-301F-11D3-BF4B-00C04F79EFBC}") = "Test by.Timashov", "Test by.Timashov\Test by.Timashov.csproj", "{BF862DFF-A9AE-440D-B150-B4DE0B0BD625}"
EndProject
Global
	GlobalSection(SolutionConfigurationPlatforms) = preSolution
		Debug|Any CPU = Debug|Any CPU
		Release|Any CPU = Release|Any CPU
	EndGlobalSection
	GlobalSection(ProjectConfigurationPlatforms) = postSolution
		{BF862DFF-A9AE-440D-B150-B4DE0B0BD625}.Debug|Any CPU.ActiveCfg = Debug|Any CPU
		{BF862DFF-A9AE-440D-B150-B4DE0B0BD625}.Debug|Any CPU.Build.0 = Debug|Any CPU
		{BF862DFF-A9AE-440D-B150-B4DE0B0BD625}.Release|Any CPU.ActiveCfg = Release|Any CPU
		{BF862DFF-A9AE-440D-B150-B4DE0B0BD625}.Release|Any CPU.Build.0 = Release|Any CPU
	EndGlobalSection
	GlobalSection(SolutionProperties) = preSolution
		HideSolutionNode = FALSE
	EndGlobalSection
	GlobalSection(ExtensibilityGlobals) = postSolution
		SolutionGuid = {2F9FE2E3-F418-4336-9B61-66F05A3A06E3}
	EndGlobalSection
EndGlobal
